// !$*UTF8*$!
{
	archiveVersion = 1;
	classes = {
	};
	objectVersion = 56;
	objects = {

/* Begin PBXBuildFile section */
		100000000000000000000001 /* TarteelPrototypeApp.swift in Sources */ = {isa = PBXBuildFile; fileRef = 100000000000000000000101 /* TarteelPrototypeApp.swift */; };
		100000000000000000000002 /* ContentView.swift in Sources */ = {isa = PBXBuildFile; fileRef = 100000000000000000000102 /* ContentView.swift */; };
		100000000000000000000003 /* RecitationViewModel.swift in Sources */ = {isa = PBXBuildFile; fileRef = 100000000000000000000103 /* RecitationViewModel.swift */; };
		100000000000000000000004 /* BackendWebSocketClient.swift in Sources */ = {isa = PBXBuildFile; fileRef = 100000000000000000000104 /* BackendWebSocketClient.swift */; };
		100000000000000000000005 /* MicrophoneAudioStreamer.swift in Sources */ = {isa = PBXBuildFile; fileRef = 100000000000000000000105 /* MicrophoneAudioStreamer.swift */; };
		100000000000000000000006 /* AudioChunkPayload.swift in Sources */ = {isa = PBXBuildFile; fileRef = 100000000000000000000106 /* AudioChunkPayload.swift */; };
		100000000000000000000007 /* RecitationEvent.swift in Sources */ = {isa = PBXBuildFile; fileRef = 100000000000000000000107 /* RecitationEvent.swift */; };
		100000000000000000000008 /* RecitationSessionState.swift in Sources */ = {isa = PBXBuildFile; fileRef = 100000000000000000000108 /* RecitationSessionState.swift */; };
		100000000000000000000009 /* BackendEndpointPreset.swift in Sources */ = {isa = PBXBuildFile; fileRef = 100000000000000000000110 /* BackendEndpointPreset.swift */; };
		100000000000000000000010 /* VoiceActivityPayload.swift in Sources */ = {isa = PBXBuildFile; fileRef = 100000000000000000000111 /* VoiceActivityPayload.swift */; };
		100000000000000000000011 /* LiveKitRecitationToken.swift in Sources */ = {isa = PBXBuildFile; fileRef = 100000000000000000000112 /* LiveKitRecitationToken.swift */; };
		100000000000000000000012 /* LiveKitRecitationClient.swift in Sources */ = {isa = PBXBuildFile; fileRef = 100000000000000000000113 /* LiveKitRecitationClient.swift */; };
		100000000000000000000013 /* VoiceActivityDetector.swift in Sources */ = {isa = PBXBuildFile; fileRef = 100000000000000000000114 /* VoiceActivityDetector.swift */; };
		100000000000000000000014 /* LiveKit in Frameworks */ = {isa = PBXBuildFile; productRef = 100000000000000000000202 /* LiveKit */; };
		100000000000000000000015 /* FluidAudio in Frameworks */ = {isa = PBXBuildFile; productRef = 100000000000000000000203 /* FluidAudio */; };
		100000000000000000000016 /* silero-vad-unified-256ms-v6.0.0.mlmodelc in Resources */ = {isa = PBXBuildFile; fileRef = 100000000000000000000115 /* silero-vad-unified-256ms-v6.0.0.mlmodelc */; };
/* End PBXBuildFile section */

/* Begin PBXFileReference section */
		100000000000000000000020 /* TarteelPrototype.app */ = {isa = PBXFileReference; explicitFileType = wrapper.application; includeInIndex = 0; path = TarteelPrototype.app; sourceTree = BUILT_PRODUCTS_DIR; };
		100000000000000000000101 /* TarteelPrototypeApp.swift */ = {isa = PBXFileReference; lastKnownFileType = sourcecode.swift; path = App/TarteelPrototypeApp.swift; sourceTree = "<group>"; };
		100000000000000000000102 /* ContentView.swift */ = {isa = PBXFileReference; lastKnownFileType = sourcecode.swift; path = App/ContentView.swift; sourceTree = "<group>"; };
		100000000000000000000103 /* RecitationViewModel.swift */ = {isa = PBXFileReference; lastKnownFileType = sourcecode.swift; path = App/RecitationViewModel.swift; sourceTree = "<group>"; };
		100000000000000000000104 /* BackendWebSocketClient.swift */ = {isa = PBXFileReference; lastKnownFileType = sourcecode.swift; path = App/BackendWebSocketClient.swift; sourceTree = "<group>"; };
		100000000000000000000105 /* MicrophoneAudioStreamer.swift */ = {isa = PBXFileReference; lastKnownFileType = sourcecode.swift; path = App/MicrophoneAudioStreamer.swift; sourceTree = "<group>"; };
		100000000000000000000113 /* LiveKitRecitationClient.swift */ = {isa = PBXFileReference; lastKnownFileType = sourcecode.swift; path = App/LiveKitRecitationClient.swift; sourceTree = "<group>"; };
		100000000000000000000114 /* VoiceActivityDetector.swift */ = {isa = PBXFileReference; lastKnownFileType = sourcecode.swift; path = App/VoiceActivityDetector.swift; sourceTree = "<group>"; };
		100000000000000000000115 /* silero-vad-unified-256ms-v6.0.0.mlmodelc */ = {isa = PBXFileReference; lastKnownFileType = wrapper.mlmodelc; path = Models/silero-vad-unified-256ms-v6.0.0.mlmodelc; sourceTree = "<group>"; };
		100000000000000000000109 /* Info.plist */ = {isa = PBXFileReference; lastKnownFileType = text.plist.xml; path = Info.plist; sourceTree = "<group>"; };
		100000000000000000000106 /* AudioChunkPayload.swift */ = {isa = PBXFileReference; lastKnownFileType = sourcecode.swift; path = ../TarteelClientCore/Sources/TarteelClientCore/AudioChunkPayload.swift; sourceTree = "<group>"; };
		100000000000000000000107 /* RecitationEvent.swift */ = {isa = PBXFileReference; lastKnownFileType = sourcecode.swift; path = ../TarteelClientCore/Sources/TarteelClientCore/RecitationEvent.swift; sourceTree = "<group>"; };
		100000000000000000000108 /* RecitationSessionState.swift */ = {isa = PBXFileReference; lastKnownFileType = sourcecode.swift; path = ../TarteelClientCore/Sources/TarteelClientCore/RecitationSessionState.swift; sourceTree = "<group>"; };
		100000000000000000000110 /* BackendEndpointPreset.swift */ = {isa = PBXFileReference; lastKnownFileType = sourcecode.swift; path = ../TarteelClientCore/Sources/TarteelClientCore/BackendEndpointPreset.swift; sourceTree = "<group>"; };
		100000000000000000000111 /* VoiceActivityPayload.swift */ = {isa = PBXFileReference; lastKnownFileType = sourcecode.swift; path = ../TarteelClientCore/Sources/TarteelClientCore/VoiceActivityPayload.swift; sourceTree = "<group>"; };
		100000000000000000000112 /* LiveKitRecitationToken.swift */ = {isa = PBXFileReference; lastKnownFileType = sourcecode.swift; path = ../TarteelClientCore/Sources/TarteelClientCore/LiveKitRecitationToken.swift; sourceTree = "<group>"; };
/* End PBXFileReference section */

/* Begin PBXFrameworksBuildPhase section */
		100000000000000000000030 /* Frameworks */ = {
			isa = PBXFrameworksBuildPhase;
			buildActionMask = 2147483647;
			files = (
				100000000000000000000014 /* LiveKit in Frameworks */,
				100000000000000000000015 /* FluidAudio in Frameworks */,
			);
			runOnlyForDeploymentPostprocessing = 0;
		};
/* End PBXFrameworksBuildPhase section */

/* Begin PBXGroup section */
		100000000000000000000040 = {
			isa = PBXGroup;
			children = (
				100000000000000000000041 /* TarteelPrototype */,
				100000000000000000000042 /* Shared Core */,
				100000000000000000000043 /* Products */,
			);
			sourceTree = "<group>";
		};
		100000000000000000000041 /* TarteelPrototype */ = {
			isa = PBXGroup;
			children = (
				100000000000000000000101 /* TarteelPrototypeApp.swift */,
				100000000000000000000102 /* ContentView.swift */,
				100000000000000000000103 /* RecitationViewModel.swift */,
				100000000000000000000104 /* BackendWebSocketClient.swift */,
				100000000000000000000105 /* MicrophoneAudioStreamer.swift */,
				100000000000000000000113 /* LiveKitRecitationClient.swift */,
				100000000000000000000114 /* VoiceActivityDetector.swift */,
				100000000000000000000115 /* silero-vad-unified-256ms-v6.0.0.mlmodelc */,
				100000000000000000000109 /* Info.plist */,
			);
			path = TarteelPrototype;
			sourceTree = "<group>";
		};
		100000000000000000000042 /* Shared Core */ = {
			isa = PBXGroup;
			children = (
				100000000000000000000106 /* AudioChunkPayload.swift */,
				100000000000000000000107 /* RecitationEvent.swift */,
				100000000000000000000108 /* RecitationSessionState.swift */,
				100000000000000000000110 /* BackendEndpointPreset.swift */,
				100000000000000000000111 /* VoiceActivityPayload.swift */,
				100000000000000000000112 /* LiveKitRecitationToken.swift */,
			);
			name = "Shared Core";
			sourceTree = "<group>";
		};
		100000000000000000000043 /* Products */ = {
			isa = PBXGroup;
			children = (
				100000000000000000000020 /* TarteelPrototype.app */,
			);
			name = Products;
			sourceTree = "<group>";
		};
/* End PBXGroup section */

/* Begin PBXNativeTarget section */
		100000000000000000000050 /* TarteelPrototype */ = {
			isa = PBXNativeTarget;
			buildConfigurationList = 100000000000000000000080 /* Build configuration list for PBXNativeTarget "TarteelPrototype" */;
			buildPhases = (
				100000000000000000000060 /* Sources */,
				100000000000000000000030 /* Frameworks */,
				100000000000000000000070 /* Resources */,
			);
			buildRules = (
			);
			dependencies = (
			);
			name = TarteelPrototype;
			packageProductDependencies = (
				100000000000000000000202 /* LiveKit */,
				100000000000000000000203 /* FluidAudio */,
			);
			productName = TarteelPrototype;
			productReference = 100000000000000000000020 /* TarteelPrototype.app */;
			productType = "com.apple.product-type.application";
		};
/* End PBXNativeTarget section */

/* Begin PBXProject section */
		100000000000000000000090 /* Project object */ = {
			isa = PBXProject;
			attributes = {
				BuildIndependentTargetsInParallel = 1;
				LastSwiftUpdateCheck = 2650;
				LastUpgradeCheck = 2650;
				TargetAttributes = {
					100000000000000000000050 = {
						CreatedOnToolsVersion = 26.5;
					};
				};
			};
			buildConfigurationList = 100000000000000000000091 /* Build configuration list for PBXProject "TarteelPrototype" */;
			compatibilityVersion = "Xcode 14.0";
			developmentRegion = en;
			hasScannedForEncodings = 0;
			knownRegions = (
				en,
				Base,
			);
			mainGroup = 100000000000000000000040;
			packageReferences = (
				100000000000000000000200 /* XCRemoteSwiftPackageReference "client-sdk-swift" */,
				100000000000000000000201 /* XCRemoteSwiftPackageReference "FluidAudio" */,
			);
			productRefGroup = 100000000000000000000043 /* Products */;
			projectDirPath = "";
			projectRoot = "";
			targets = (
				100000000000000000000050 /* TarteelPrototype */,
			);
		};
/* End PBXProject section */

/* Begin PBXResourcesBuildPhase section */
		100000000000000000000070 /* Resources */ = {
			isa = PBXResourcesBuildPhase;
			buildActionMask = 2147483647;
			files = (
				100000000000000000000016 /* silero-vad-unified-256ms-v6.0.0.mlmodelc in Resources */,
			);
			runOnlyForDeploymentPostprocessing = 0;
		};
/* End PBXResourcesBuildPhase section */

/* Begin PBXSourcesBuildPhase section */
		100000000000000000000060 /* Sources */ = {
			isa = PBXSourcesBuildPhase;
			buildActionMask = 2147483647;
			files = (
				100000000000000000000001 /* TarteelPrototypeApp.swift in Sources */,
				100000000000000000000002 /* ContentView.swift in Sources */,
				100000000000000000000003 /* RecitationViewModel.swift in Sources */,
				100000000000000000000004 /* BackendWebSocketClient.swift in Sources */,
				100000000000000000000005 /* MicrophoneAudioStreamer.swift in Sources */,
				100000000000000000000006 /* AudioChunkPayload.swift in Sources */,
				100000000000000000000007 /* RecitationEvent.swift in Sources */,
				100000000000000000000008 /* RecitationSessionState.swift in Sources */,
				100000000000000000000009 /* BackendEndpointPreset.swift in Sources */,
				100000000000000000000010 /* VoiceActivityPayload.swift in Sources */,
				100000000000000000000011 /* LiveKitRecitationToken.swift in Sources */,
				100000000000000000000012 /* LiveKitRecitationClient.swift in Sources */,
				100000000000000000000013 /* VoiceActivityDetector.swift in Sources */,
			);
			runOnlyForDeploymentPostprocessing = 0;
		};
/* End PBXSourcesBuildPhase section */

/* Begin XCBuildConfiguration section */
		100000000000000000000081 /* Debug */ = {
			isa = XCBuildConfiguration;
			buildSettings = {
				ALWAYS_SEARCH_USER_PATHS = NO;
				CLANG_ANALYZER_NONNULL = YES;
				CLANG_ANALYZER_NUMBER_OBJECT_CONVERSION = YES_AGGRESSIVE;
				CLANG_CXX_LANGUAGE_STANDARD = "gnu++20";
				CLANG_ENABLE_MODULES = YES;
				CLANG_ENABLE_OBJC_ARC = YES;
				CLANG_ENABLE_OBJC_WEAK = YES;
				CLANG_WARN_BLOCK_CAPTURE_AUTORELEASING = YES;
				CLANG_WARN_BOOL_CONVERSION = YES;
				CLANG_WARN_COMMA = YES;
				CLANG_WARN_CONSTANT_CONVERSION = YES;
				CLANG_WARN_DEPRECATED_OBJC_IMPLEMENTATIONS = YES;
				CLANG_WARN_DIRECT_OBJC_ISA_USAGE = YES_ERROR;
				CLANG_WARN_DOCUMENTATION_COMMENTS = YES;
				CLANG_WARN_EMPTY_BODY = YES;
				CLANG_WARN_ENUM_CONVERSION = YES;
				CLANG_WARN_INFINITE_RECURSION = YES;
				CLANG_WARN_INT_CONVERSION = YES;
				CLANG_WARN_NON_LITERAL_NULL_CONVERSION = YES;
				CLANG_WARN_OBJC_IMPLICIT_RETAIN_SELF = YES;
				CLANG_WARN_OBJC_LITERAL_CONVERSION = YES;
				CLANG_WARN_OBJC_ROOT_CLASS = YES_ERROR;
				CLANG_WARN_QUOTED_INCLUDE_IN_FRAMEWORK_HEADER = YES;
				CLANG_WARN_RANGE_LOOP_ANALYSIS = YES;
				CLANG_WARN_STRICT_PROTOTYPES = YES;
				CLANG_WARN_SUSPICIOUS_MOVE = YES;
				CLANG_WARN_UNGUARDED_AVAILABILITY = YES_AGGRESSIVE;
				CLANG_WARN_UNREACHABLE_CODE = YES;
				CLANG_WARN__DUPLICATE_METHOD_MATCH = YES;
				COPY_PHASE_STRIP = NO;
				DEBUG_INFORMATION_FORMAT = dwarf;
				ENABLE_STRICT_OBJC_MSGSEND = YES;
				ENABLE_TESTABILITY = YES;
				ENABLE_USER_SCRIPT_SANDBOXING = YES;
				GCC_C_LANGUAGE_STANDARD = gnu17;
				GCC_DYNAMIC_NO_PIC = NO;
				GCC_NO_COMMON_BLOCKS = YES;
				GCC_OPTIMIZATION_LEVEL = 0;
				GCC_PREPROCESSOR_DEFINITIONS = (
					"DEBUG=1",
					"$(inherited)",
				);
				GCC_WARN_64_TO_32_BIT_CONVERSION = YES;
				GCC_WARN_ABOUT_RETURN_TYPE = YES_ERROR;
				GCC_WARN_UNDECLARED_SELECTOR = YES;
				GCC_WARN_UNINITIALIZED_AUTOS = YES_AGGRESSIVE;
				GCC_WARN_UNUSED_FUNCTION = YES;
				GCC_WARN_UNUSED_VARIABLE = YES;
				IPHONEOS_DEPLOYMENT_TARGET = 17.0;
				MTL_ENABLE_DEBUG_INFO = INCLUDE_SOURCE;
				MTL_FAST_MATH = YES;
				ONLY_ACTIVE_ARCH = YES;
				SDKROOT = iphoneos;
				SWIFT_ACTIVE_COMPILATION_CONDITIONS = DEBUG;
				SWIFT_OPTIMIZATION_LEVEL = "-Onone";
			};
			name = Debug;
		};
		100000000000000000000082 /* Release */ = {
			isa = XCBuildConfiguration;
			buildSettings = {
				ALWAYS_SEARCH_USER_PATHS = NO;
				CLANG_ANALYZER_NONNULL = YES;
				CLANG_ANALYZER_NUMBER_OBJECT_CONVERSION = YES_AGGRESSIVE;
				CLANG_CXX_LANGUAGE_STANDARD = "gnu++20";
				CLANG_ENABLE_MODULES = YES;
				CLANG_ENABLE_OBJC_ARC = YES;
				CLANG_ENABLE_OBJC_WEAK = YES;
				CLANG_WARN_BLOCK_CAPTURE_AUTORELEASING = YES;
				CLANG_WARN_BOOL_CONVERSION = YES;
				CLANG_WARN_COMMA = YES;
				CLANG_WARN_CONSTANT_CONVERSION = YES;
				CLANG_WARN_DEPRECATED_OBJC_IMPLEMENTATIONS = YES;
				CLANG_WARN_DIRECT_OBJC_ISA_USAGE = YES_ERROR;
				CLANG_WARN_DOCUMENTATION_COMMENTS = YES;
				CLANG_WARN_EMPTY_BODY = YES;
				CLANG_WARN_ENUM_CONVERSION = YES;
				CLANG_WARN_INFINITE_RECURSION = YES;
				CLANG_WARN_INT_CONVERSION = YES;
				CLANG_WARN_NON_LITERAL_NULL_CONVERSION = YES;
				CLANG_WARN_OBJC_IMPLICIT_RETAIN_SELF = YES;
				CLANG_WARN_OBJC_LITERAL_CONVERSION = YES;
				CLANG_WARN_OBJC_ROOT_CLASS = YES_ERROR;
				CLANG_WARN_QUOTED_INCLUDE_IN_FRAMEWORK_HEADER = YES;
				CLANG_WARN_RANGE_LOOP_ANALYSIS = YES;
				CLANG_WARN_STRICT_PROTOTYPES = YES;
				CLANG_WARN_SUSPICIOUS_MOVE = YES;
				CLANG_WARN_UNGUARDED_AVAILABILITY = YES_AGGRESSIVE;
				CLANG_WARN_UNREACHABLE_CODE = YES;
				CLANG_WARN__DUPLICATE_METHOD_MATCH = YES;
				COPY_PHASE_STRIP = NO;
				DEBUG_INFORMATION_FORMAT = "dwarf-with-dsym";
				ENABLE_NS_ASSERTIONS = NO;
				ENABLE_STRICT_OBJC_MSGSEND = YES;
				ENABLE_USER_SCRIPT_SANDBOXING = YES;
				GCC_C_LANGUAGE_STANDARD = gnu17;
				GCC_NO_COMMON_BLOCKS = YES;
				GCC_WARN_64_TO_32_BIT_CONVERSION = YES;
				GCC_WARN_ABOUT_RETURN_TYPE = YES_ERROR;
				GCC_WARN_UNDECLARED_SELECTOR = YES;
				GCC_WARN_UNINITIALIZED_AUTOS = YES_AGGRESSIVE;
				GCC_WARN_UNUSED_FUNCTION = YES;
				GCC_WARN_UNUSED_VARIABLE = YES;
				IPHONEOS_DEPLOYMENT_TARGET = 17.0;
				MTL_ENABLE_DEBUG_INFO = NO;
				MTL_FAST_MATH = YES;
				SDKROOT = iphoneos;
				SWIFT_COMPILATION_MODE = wholemodule;
				SWIFT_OPTIMIZATION_LEVEL = "-O";
				VALIDATE_PRODUCT = YES;
			};
			name = Release;
		};
		100000000000000000000083 /* Debug */ = {
			isa = XCBuildConfiguration;
			buildSettings = {
				ASSETCATALOG_COMPILER_GLOBAL_ACCENT_COLOR_NAME = AccentColor;
				CODE_SIGN_STYLE = Automatic;
				CURRENT_PROJECT_VERSION = 1;
				DEVELOPMENT_TEAM = "";
				GENERATE_INFOPLIST_FILE = NO;
				INFOPLIST_FILE = TarteelPrototype/Info.plist;
				IPHONEOS_DEPLOYMENT_TARGET = 17.0;
				LD_RUNPATH_SEARCH_PATHS = (
					"$(inherited)",
					"@executable_path/Frameworks",
					"@loader_path/Frameworks",
				);
				MARKETING_VERSION = 0.1;
				PRODUCT_BUNDLE_IDENTIFIER = dev.mostafa.TarteelPrototype;
				PRODUCT_NAME = "$(TARGET_NAME)";
				SUPPORTED_PLATFORMS = "iphoneos iphonesimulator";
				SWIFT_EMIT_LOC_STRINGS = YES;
				SWIFT_VERSION = 5.0;
				TARGETED_DEVICE_FAMILY = 1;
			};
			name = Debug;
		};
		100000000000000000000084 /* Release */ = {
			isa = XCBuildConfiguration;
			buildSettings = {
				ASSETCATALOG_COMPILER_GLOBAL_ACCENT_COLOR_NAME = AccentColor;
				CODE_SIGN_STYLE = Automatic;
				CURRENT_PROJECT_VERSION = 1;
				DEVELOPMENT_TEAM = "";
				GENERATE_INFOPLIST_FILE = NO;
				INFOPLIST_FILE = TarteelPrototype/Info.plist;
				INFOPLIST_KEY_UIApplicationSupportsIndirectInputEvents = YES;
				IPHONEOS_DEPLOYMENT_TARGET = 17.0;
				LD_RUNPATH_SEARCH_PATHS = (
					"$(inherited)",
					"@executable_path/Frameworks",
					"@loader_path/Frameworks",
				);
				MARKETING_VERSION = 0.1;
				PRODUCT_BUNDLE_IDENTIFIER = dev.mostafa.TarteelPrototype;
				PRODUCT_NAME = "$(TARGET_NAME)";
				SUPPORTED_PLATFORMS = "iphoneos iphonesimulator";
				SWIFT_EMIT_LOC_STRINGS = YES;
				SWIFT_VERSION = 5.0;
				TARGETED_DEVICE_FAMILY = 1;
			};
			name = Release;
		};
/* End XCBuildConfiguration section */

/* Begin XCConfigurationList section */
		100000000000000000000080 /* Build configuration list for PBXNativeTarget "TarteelPrototype" */ = {
			isa = XCConfigurationList;
			buildConfigurations = (
				100000000000000000000083 /* Debug */,
				100000000000000000000084 /* Release */,
			);
			defaultConfigurationIsVisible = 0;
			defaultConfigurationName = Release;
		};
		100000000000000000000091 /* Build configuration list for PBXProject "TarteelPrototype" */ = {
			isa = XCConfigurationList;
			buildConfigurations = (
				100000000000000000000081 /* Debug */,
				100000000000000000000082 /* Release */,
			);
			defaultConfigurationIsVisible = 0;
			defaultConfigurationName = Release;
		};
/* End XCConfigurationList section */

/* Begin XCRemoteSwiftPackageReference section */
		100000000000000000000200 /* XCRemoteSwiftPackageReference "client-sdk-swift" */ = {
			isa = XCRemoteSwiftPackageReference;
			repositoryURL = "https://github.com/livekit/client-sdk-swift.git";
			requirement = {
				kind = upToNextMajorVersion;
				minimumVersion = 2.13.0;
			};
		};
		100000000000000000000201 /* XCRemoteSwiftPackageReference "FluidAudio" */ = {
			isa = XCRemoteSwiftPackageReference;
			repositoryURL = "https://github.com/FluidInference/FluidAudio.git";
			requirement = {
				kind = upToNextMajorVersion;
				minimumVersion = 0.12.4;
			};
		};
/* End XCRemoteSwiftPackageReference section */

/* Begin XCSwiftPackageProductDependency section */
		100000000000000000000202 /* LiveKit */ = {
			isa = XCSwiftPackageProductDependency;
			package = 100000000000000000000200 /* XCRemoteSwiftPackageReference "client-sdk-swift" */;
			productName = LiveKit;
		};
		100000000000000000000203 /* FluidAudio */ = {
			isa = XCSwiftPackageProductDependency;
			package = 100000000000000000000201 /* XCRemoteSwiftPackageReference "FluidAudio" */;
			productName = FluidAudio;
		};
/* End XCSwiftPackageProductDependency section */
	};
	rootObject = 100000000000000000000090 /* Project object */;
}
